<?xml version="1.0" encoding="UTF-8" standalone="yes" ?>
<CodeBlocks_project_file>
	<FileVersion major="1" minor="6" />
	<Project>
		<Option title="MP8-BlackJack" />
		<Option pch_mode="2" />
		<Option compiler="gcc" />
		<Build>
			<Target title="Debug">
				<Option output="bin/Debug/MP8-BlackJack" prefix_auto="1" extension_auto="1" />
				<Option object_output="obj/Debug/" />
				<Option type="1" />
				<Option compiler="gcc" />
				<Compiler>
					<Add option="-g" />
				</Compiler>
				<Linker>
					<Add option="-Wl,--allow-multiple-definition" />
				</Linker>
			</Target>
			<Target title="Release">
				<Option output="bin/Release/MP8-BlackJack" prefix_auto="1" extension_auto="1" />
				<Option object_output="obj/Release/" />
				<Option type="1" />
				<Option compiler="gcc" />
				<Compiler>
					<Add option="-O2" />
				</Compiler>
				<Linker>
					<Add option="-s" />
				</Linker>
			</Target>
		</Build>
		<Compiler>
			<Add option="-Wall" />
		</Compiler>
		<Unit filename="card.c">
			<Option compilerVar="CC" />
			<Option weight="55" />
		</Unit>
		<Unit filename="card.h" />
		<Unit filename="hand.c">
			<Option compilerVar="CC" />
		</Unit>
		<Unit filename="hand.h" />
		<Unit filename="main.c">
			<Option compilerVar="CC" />
		</Unit>
		<Unit filename="main_flat.txt" />
		<Unit filename="shoe.c">
			<Option compilerVar="CC" />
		</Unit>
		<Unit filename="shoe.h" />
		<Extensions>
			<code_completion />
			<envvars />
			<debugger />
			<lib_finder disable_auto="1" />
		</Extensions>
	</Project>
</CodeBlocks_project_file>
